
Microsoft Visual Studio Solution File, Format Version 12.00
# Visual Studio Version 16
VisualStudioVersion = 16.0.29920.165
MinimumVisualStudioVersion = 10.0.40219.1
Project("{FAE04EC0-301F-11D3-BF4B-00C04F79EFBC}") = "CSharpReview_4Point2", "CSharpReview_4Point2\CSharpReview_4Point2.csproj", "{DDCCB707-0E44-4666-8B7B-180E2B60C93B}"
EndProject
Global
	GlobalSection(SolutionConfigurationPlatforms) = preSolution
		Debug|Any CPU = Debug|Any CPU
		Release|Any CPU = Release|Any CPU
	EndGlobalSection
	GlobalSection(ProjectConfigurationPlatforms) = postSolution
		{DDCCB707-0E44-4666-8B7B-180E2B60C93B}.Debug|Any CPU.ActiveCfg = Debug|Any CPU
		{DDCCB707-0E44-4666-8B7B-180E2B60C93B}.Debug|Any CPU.Build.0 = Debug|Any CPU
		{DDCCB707-0E44-4666-8B7B-180E2B60C93B}.Release|Any CPU.ActiveCfg = Release|Any CPU
		{DDCCB707-0E44-4666-8B7B-180E2B60C93B}.Release|Any CPU.Build.0 = Release|Any CPU
	EndGlobalSection
	GlobalSection(SolutionProperties) = preSolution
		HideSolutionNode = FALSE
	EndGlobalSection
	GlobalSection(ExtensibilityGlobals) = postSolution
		SolutionGuid = {CC1774D8-DEB3-4847-97FF-1BA5F8C65E1F}
	EndGlobalSection
EndGlobal
